// !$*UTF8*$!
{
	archiveVersion = 1;
	classes = {
	};
	objectVersion = 50;
	objects = {

/* Begin PBXBuildFile section */
		CF6AF4D32692E0EB00855826 /* AppDelegate.swift in Sources */ = {isa = PBXBuildFile; fileRef = CF6AF4D22692E0EB00855826 /* AppDelegate.swift */; };
		CF6AF4D52692E0EB00855826 /* SceneDelegate.swift in Sources */ = {isa = PBXBuildFile; fileRef = CF6AF4D42692E0EB00855826 /* SceneDelegate.swift */; };
		CF6AF4DA2692E0EB00855826 /* Main.storyboard in Resources */ = {isa = PBXBuildFile; fileRef = CF6AF4D82692E0EB00855826 /* Main.storyboard */; };
		CF6AF4DC2692E0ED00855826 /* Assets.xcassets in Resources */ = {isa = PBXBuildFile; fileRef = CF6AF4DB2692E0ED00855826 /* Assets.xcassets */; };
		CF6AF4DF2692E0ED00855826 /* LaunchScreen.storyboard in Resources */ = {isa = PBXBuildFile; fileRef = CF6AF4DD2692E0ED00855826 /* LaunchScreen.storyboard */; };
		CF6AF4E72692E18100855826 /* TableViewController.swift in Sources */ = {isa = PBXBuildFile; fileRef = CF6AF4E62692E18100855826 /* TableViewController.swift */; };
/* End PBXBuildFile section */

/* Begin PBXFileReference section */
		CF6AF4CF2692E0EB00855826 /* UITableViewControllerPart2.app */ = {isa = PBXFileReference; explicitFileType = wrapper.application; includeInIndex = 0; path = UITableViewControllerPart2.app; sourceTree = BUILT_PRODUCTS_DIR; };
		CF6AF4D22692E0EB00855826 /* AppDelegate.swift */ = {isa = PBXFileReference; lastKnownFileType = sourcecode.swift; path = AppDelegate.swift; sourceTree = "<group>"; };
		CF6AF4D42692E0EB00855826 /* SceneDelegate.swift */ = {isa = PBXFileReference; lastKnownFileType = sourcecode.swift; path = SceneDelegate.swift; sourceTree = "<group>"; };
		CF6AF4D92692E0EB00855826 /* Base */ = {isa = PBXFileReference; lastKnownFileType = file.storyboard; name = Base; path = Base.lproj/Main.storyboard; sourceTree = "<group>"; };
		CF6AF4DB2692E0ED00855826 /* Assets.xcassets */ = {isa = PBXFileReference; lastKnownFileType = folder.assetcatalog; path = Assets.xcassets; sourceTree = "<group>"; };
		CF6AF4DE2692E0ED00855826 /* Base */ = {isa = PBXFileReference; lastKnownFileType = file.storyboard; name = Base; path = Base.lproj/LaunchScreen.storyboard; sourceTree = "<group>"; };
		CF6AF4E02692E0ED00855826 /* Info.plist */ = {isa = PBXFileReference; lastKnownFileType = text.plist.xml; path = Info.plist; sourceTree = "<group>"; };
		CF6AF4E62692E18100855826 /* TableViewController.swift */ = {isa = PBXFileReference; lastKnownFileType = sourcecode.swift; path = TableViewController.swift; sourceTree = "<group>"; };
/* End PBXFileReference section */

/* Begin PBXFrameworksBuildPhase section */
		CF6AF4CC2692E0EB00855826 /* Frameworks */ = {
			isa = PBXFrameworksBuildPhase;
			buildActionMask = 2147483647;
			files = (
			);
			runOnlyForDeploymentPostprocessing = 0;
		};
/* End PBXFrameworksBuildPhase section */

/* Begin PBXGroup section */
		CF6AF4C62692E0EB00855826 = {
			isa = PBXGroup;
			children = (
				CF6AF4D12692E0EB00855826 /* UITableViewControllerPart2 */,
				CF6AF4D02692E0EB00855826 /* Products */,
			);
			sourceTree = "<group>";
		};
		CF6AF4D02692E0EB00855826 /* Products */ = {
			isa = PBXGroup;
			children = (
				CF6AF4CF2692E0EB00855826 /* UITableViewControllerPart2.app */,
			);
			name = Products;
			sourceTree = "<group>";
		};
		CF6AF4D12692E0EB00855826 /* UITableViewControllerPart2 */ = {
			isa = PBXGroup;
			children = (
				CF6AF4D22692E0EB00855826 /* AppDelegate.swift */,
				CF6AF4D42692E0EB00855826 /* SceneDelegate.swift */,
				CF6AF4D82692E0EB00855826 /* Main.storyboard */,
				CF6AF4E62692E18100855826 /* TableViewController.swift */,
				CF6AF4DB2692E0ED00855826 /* Assets.xcassets */,
				CF6AF4DD2692E0ED00855826 /* LaunchScreen.storyboard */,
				CF6AF4E02692E0ED00855826 /* Info.plist */,
			);
			path = UITableViewControllerPart2;
			sourceTree = "<group>";
		};
/* End PBXGroup section */

/* Begin PBXNativeTarget section */
		CF6AF4CE2692E0EB00855826 /* UITableViewControllerPart2 */ = {
			isa = PBXNativeTarget;
			buildConfigurationList = CF6AF4E32692E0ED00855826 /* Build configuration list for PBXNativeTarget "UITableViewControllerPart2" */;
			buildPhases = (
				CF6AF4CB2692E0EB00855826 /* Sources */,
				CF6AF4CC2692E0EB00855826 /* Frameworks */,
				CF6AF4CD2692E0EB00855826 /* Resources */,
			);
			buildRules = (
			);
			dependencies = (
			);
			name = UITableViewControllerPart2;
			productName = UITableViewControllerPart2;
			productReference = CF6AF4CF2692E0EB00855826 /* UITableViewControllerPart2.app */;
			productType = "com.apple.product-type.application";
		};
/* End PBXNativeTarget section */

/* Begin PBXProject section */
		CF6AF4C72692E0EB00855826 /* Project object */ = {
			isa = PBXProject;
			attributes = {
				LastSwiftUpdateCheck = 1250;
				LastUpgradeCheck = 1250;
				TargetAttributes = {
					CF6AF4CE2692E0EB00855826 = {
						CreatedOnToolsVersion = 12.5;
					};
				};
			};
			buildConfigurationList = CF6AF4CA2692E0EB00855826 /* Build configuration list for PBXProject "UITableViewControllerPart2" */;
			compatibilityVersion = "Xcode 9.3";
			developmentRegion = en;
			hasScannedForEncodings = 0;
			knownRegions = (
				en,
				Base,
			);
			mainGroup = CF6AF4C62692E0EB00855826;
			productRefGroup = CF6AF4D02692E0EB00855826 /* Products */;
			projectDirPath = "";
			projectRoot = "";
			targets = (
				CF6AF4CE2692E0EB00855826 /* UITableViewControllerPart2 */,
			);
		};
/* End PBXProject section */

/* Begin PBXResourcesBuildPhase section */
		CF6AF4CD2692E0EB00855826 /* Resources */ = {
			isa = PBXResourcesBuildPhase;
			buildActionMask = 2147483647;
			files = (
				CF6AF4DF2692E0ED00855826 /* LaunchScreen.storyboard in Resources */,
				CF6AF4DC2692E0ED00855826 /* Assets.xcassets in Resources */,
				CF6AF4DA2692E0EB00855826 /* Main.storyboard in Resources */,
			);
			runOnlyForDeploymentPostprocessing = 0;
		};
/* End PBXResourcesBuildPhase section */

/* Begin PBXSourcesBuildPhase section */
		CF6AF4CB2692E0EB00855826 /* Sources */ = {
			isa = PBXSourcesBuildPhase;
			buildActionMask = 2147483647;
			files = (
				CF6AF4D32692E0EB00855826 /* AppDelegate.swift in Sources */,
				CF6AF4E72692E18100855826 /* TableViewController.swift in Sources */,
				CF6AF4D52692E0EB00855826 /* SceneDelegate.swift in Sources */,
			);
			runOnlyForDeploymentPostprocessing = 0;
		};
/* End PBXSourcesBuildPhase section */

/* Begin PBXVariantGroup section */
		CF6AF4D82692E0EB00855826 /* Main.storyboard */ = {
			isa = PBXVariantGroup;
			children = (
				CF6AF4D92692E0EB00855826 /* Base */,
			);
			name = Main.storyboard;
			sourceTree = "<group>";
		};
		CF6AF4DD2692E0ED00855826 /* LaunchScreen.storyboard */ = {
			isa = PBXVariantGroup;
			children = (
				CF6AF4DE2692E0ED00855826 /* Base */,
			);
			name = LaunchScreen.storyboard;
			sourceTree = "<group>";
		};
/* End PBXVariantGroup section */

/* Begin XCBuildConfiguration section */
		CF6AF4E12692E0ED00855826 /* Debug */ = {
			isa = XCBuildConfiguration;
			buildSettings = {
				ALWAYS_SEARCH_USER_PATHS = NO;
				CLANG_ANALYZER_NONNULL = YES;
				CLANG_ANALYZER_NUMBER_OBJECT_CONVERSION = YES_AGGRESSIVE;
				CLANG_CXX_LANGUAGE_STANDARD = "gnu++14";
				CLANG_CXX_LIBRARY = "libc++";
				CLANG_ENABLE_MODULES = YES;
				CLANG_ENABLE_OBJC_ARC = YES;
				CLANG_ENABLE_OBJC_WEAK = YES;
				CLANG_WARN_BLOCK_CAPTURE_AUTORELEASING = YES;
				CLANG_WARN_BOOL_CONVERSION = YES;
				CLANG_WARN_COMMA = YES;
				CLANG_WARN_CONSTANT_CONVERSION = YES;
				CLANG_WARN_DEPRECATED_OBJC_IMPLEMENTATIONS = YES;
				CLANG_WARN_DIRECT_OBJC_ISA_USAGE = YES_ERROR;
				CLANG_WARN_DOCUMENTATION_COMMENTS = YES;
				CLANG_WARN_EMPTY_BODY = YES;
				CLANG_WARN_ENUM_CONVERSION = YES;
				CLANG_WARN_INFINITE_RECURSION = YES;
				CLANG_WARN_INT_CONVERSION = YES;
				CLANG_WARN_NON_LITERAL_NULL_CONVERSION = YES;
				CLANG_WARN_OBJC_IMPLICIT_RETAIN_SELF = YES;
				CLANG_WARN_OBJC_LITERAL_CONVERSION = YES;
				CLANG_WARN_OBJC_ROOT_CLASS = YES_ERROR;
				CLANG_WARN_QUOTED_INCLUDE_IN_FRAMEWORK_HEADER = YES;
				CLANG_WARN_RANGE_LOOP_ANALYSIS = YES;
				CLANG_WARN_STRICT_PROTOTYPES = YES;
				CLANG_WARN_SUSPICIOUS_MOVE = YES;
				CLANG_WARN_UNGUARDED_AVAILABILITY = YES_AGGRESSIVE;
				CLANG_WARN_UNREACHABLE_CODE = YES;
				CLANG_WARN__DUPLICATE_METHOD_MATCH = YES;
				COPY_PHASE_STRIP = NO;
				DEBUG_INFORMATION_FORMAT = dwarf;
				ENABLE_STRICT_OBJC_MSGSEND = YES;
				ENABLE_TESTABILITY = YES;
				GCC_C_LANGUAGE_STANDARD = gnu11;
				GCC_DYNAMIC_NO_PIC = NO;
				GCC_NO_COMMON_BLOCKS = YES;
				GCC_OPTIMIZATION_LEVEL = 0;
				GCC_PREPROCESSOR_DEFINITIONS = (
					"DEBUG=1",
					"$(inherited)",
				);
				GCC_WARN_64_TO_32_BIT_CONVERSION = YES;
				GCC_WARN_ABOUT_RETURN_TYPE = YES_ERROR;
				GCC_WARN_UNDECLARED_SELECTOR = YES;
				GCC_WARN_UNINITIALIZED_AUTOS = YES_AGGRESSIVE;
				GCC_WARN_UNUSED_FUNCTION = YES;
				GCC_WARN_UNUSED_VARIABLE = YES;
				IPHONEOS_DEPLOYMENT_TARGET = 14.5;
				MTL_ENABLE_DEBUG_INFO = INCLUDE_SOURCE;
				MTL_FAST_MATH = YES;
				ONLY_ACTIVE_ARCH = YES;
				SDKROOT = iphoneos;
				SWIFT_ACTIVE_COMPILATION_CONDITIONS = DEBUG;
				SWIFT_OPTIMIZATION_LEVEL = "-Onone";
			};
			name = Debug;
		};
		CF6AF4E22692E0ED00855826 /* Release */ = {
			isa = XCBuildConfiguration;
			buildSettings = {
				ALWAYS_SEARCH_USER_PATHS = NO;
				CLANG_ANALYZER_NONNULL = YES;
				CLANG_ANALYZER_NUMBER_OBJECT_CONVERSION = YES_AGGRESSIVE;
				CLANG_CXX_LANGUAGE_STANDARD = "gnu++14";
				CLANG_CXX_LIBRARY = "libc++";
				CLANG_ENABLE_MODULES = YES;
				CLANG_ENABLE_OBJC_ARC = YES;
				CLANG_ENABLE_OBJC_WEAK = YES;
				CLANG_WARN_BLOCK_CAPTURE_AUTORELEASING = YES;
				CLANG_WARN_BOOL_CONVERSION = YES;
				CLANG_WARN_COMMA = YES;
				CLANG_WARN_CONSTANT_CONVERSION = YES;
				CLANG_WARN_DEPRECATED_OBJC_IMPLEMENTATIONS = YES;
				CLANG_WARN_DIRECT_OBJC_ISA_USAGE = YES_ERROR;
				CLANG_WARN_DOCUMENTATION_COMMENTS = YES;
				CLANG_WARN_EMPTY_BODY = YES;
				CLANG_WARN_ENUM_CONVERSION = YES;
				CLANG_WARN_INFINITE_RECURSION = YES;
				CLANG_WARN_INT_CONVERSION = YES;
				CLANG_WARN_NON_LITERAL_NULL_CONVERSION = YES;
				CLANG_WARN_OBJC_IMPLICIT_RETAIN_SELF = YES;
				CLANG_WARN_OBJC_LITERAL_CONVERSION = YES;
				CLANG_WARN_OBJC_ROOT_CLASS = YES_ERROR;
				CLANG_WARN_QUOTED_INCLUDE_IN_FRAMEWORK_HEADER = YES;
				CLANG_WARN_RANGE_LOOP_ANALYSIS = YES;
				CLANG_WARN_STRICT_PROTOTYPES = YES;
				CLANG_WARN_SUSPICIOUS_MOVE = YES;
				CLANG_WARN_UNGUARDED_AVAILABILITY = YES_AGGRESSIVE;
				CLANG_WARN_UNREACHABLE_CODE = YES;
				CLANG_WARN__DUPLICATE_METHOD_MATCH = YES;
				COPY_PHASE_STRIP = NO;
				DEBUG_INFORMATION_FORMAT = "dwarf-with-dsym";
				ENABLE_NS_ASSERTIONS = NO;
				ENABLE_STRICT_OBJC_MSGSEND = YES;
				GCC_C_LANGUAGE_STANDARD = gnu11;
				GCC_NO_COMMON_BLOCKS = YES;
				GCC_WARN_64_TO_32_BIT_CONVERSION = YES;
				GCC_WARN_ABOUT_RETURN_TYPE = YES_ERROR;
				GCC_WARN_UNDECLARED_SELECTOR = YES;
				GCC_WARN_UNINITIALIZED_AUTOS = YES_AGGRESSIVE;
				GCC_WARN_UNUSED_FUNCTION = YES;
				GCC_WARN_UNUSED_VARIABLE = YES;
				IPHONEOS_DEPLOYMENT_TARGET = 14.5;
				MTL_ENABLE_DEBUG_INFO = NO;
				MTL_FAST_MATH = YES;
				SDKROOT = iphoneos;
				SWIFT_COMPILATION_MODE = wholemodule;
				SWIFT_OPTIMIZATION_LEVEL = "-O";
				VALIDATE_PRODUCT = YES;
			};
			name = Release;
		};
		CF6AF4E42692E0ED00855826 /* Debug */ = {
			isa = XCBuildConfiguration;
			buildSettings = {
				ASSETCATALOG_COMPILER_APPICON_NAME = AppIcon;
				ASSETCATALOG_COMPILER_GLOBAL_ACCENT_COLOR_NAME = AccentColor;
				CODE_SIGN_STYLE = Automatic;
				DEVELOPMENT_TEAM = XS2R7967QT;
				INFOPLIST_FILE = UITableViewControllerPart2/Info.plist;
				LD_RUNPATH_SEARCH_PATHS = (
					"$(inherited)",
					"@executable_path/Frameworks",
				);
				PRODUCT_BUNDLE_IDENTIFIER = cow.iwaski.UITableViewControllerPart2;
				PRODUCT_NAME = "$(TARGET_NAME)";
				SWIFT_VERSION = 5.0;
				TARGETED_DEVICE_FAMILY = "1,2";
			};
			name = Debug;
		};
		CF6AF4E52692E0ED00855826 /* Release */ = {
			isa = XCBuildConfiguration;
			buildSettings = {
				ASSETCATALOG_COMPILER_APPICON_NAME = AppIcon;
				ASSETCATALOG_COMPILER_GLOBAL_ACCENT_COLOR_NAME = AccentColor;
				CODE_SIGN_STYLE = Automatic;
				DEVELOPMENT_TEAM = XS2R7967QT;
				INFOPLIST_FILE = UITableViewControllerPart2/Info.plist;
				LD_RUNPATH_SEARCH_PATHS = (
					"$(inherited)",
					"@executable_path/Frameworks",
				);
				PRODUCT_BUNDLE_IDENTIFIER = cow.iwaski.UITableViewControllerPart2;
				PRODUCT_NAME = "$(TARGET_NAME)";
				SWIFT_VERSION = 5.0;
				TARGETED_DEVICE_FAMILY = "1,2";
			};
			name = Release;
		};
/* End XCBuildConfiguration section */

/* Begin XCConfigurationList section */
		CF6AF4CA2692E0EB00855826 /* Build configuration list for PBXProject "UITableViewControllerPart2" */ = {
			isa = XCConfigurationList;
			buildConfigurations = (
				CF6AF4E12692E0ED00855826 /* Debug */,
				CF6AF4E22692E0ED00855826 /* Release */,
			);
			defaultConfigurationIsVisible = 0;
			defaultConfigurationName = Release;
		};
		CF6AF4E32692E0ED00855826 /* Build configuration list for PBXNativeTarget "UITableViewControllerPart2" */ = {
			isa = XCConfigurationList;
			buildConfigurations = (
				CF6AF4E42692E0ED00855826 /* Debug */,
				CF6AF4E52692E0ED00855826 /* Release */,
			);
			defaultConfigurationIsVisible = 0;
			defaultConfigurationName = Release;
		};
/* End XCConfigurationList section */
	};
	rootObject = CF6AF4C72692E0EB00855826 /* Project object */;
}
